
Microsoft Visual Studio Solution File, Format Version 12.00
# Visual Studio Version 17
VisualStudioVersion = 17.11.35327.3
MinimumVisualStudioVersion = 10.0.40219.1
Project("{9A19103F-16F7-4668-BE54-9A1E7A4F7556}") = "TCPServerLab2", "TCPServerLab2\TCPServerLab2.csproj", "{1378A140-02F8-42DE-B5B2-40958D75DA96}"
EndProject
Project("{9A19103F-16F7-4668-BE54-9A1E7A4F7556}") = "TCPClientLab2", "..\TCPClientLab2\TCPClientLab2\TCPClientLab2.csproj", "{5FC088C5-B951-4F2A-9BF8-AD7DD1B517A7}"
EndProject
Project("{FAE04EC0-301F-11D3-BF4B-00C04F79EFBC}") = "TESTINGCOURSEWORK", "TESTINGCOURSEWORK\TESTINGCOURSEWORK.csproj", "{D51F2913-2213-476F-BE25-1FA2D2F4AA86}"
EndProject
Global
	GlobalSection(SolutionConfigurationPlatforms) = preSolution
		Debug|Any CPU = Debug|Any CPU
		Release|Any CPU = Release|Any CPU
	EndGlobalSection
	GlobalSection(ProjectConfigurationPlatforms) = postSolution
		{1378A140-02F8-42DE-B5B2-40958D75DA96}.Debug|Any CPU.ActiveCfg = Debug|Any CPU
		{1378A140-02F8-42DE-B5B2-40958D75DA96}.Debug|Any CPU.Build.0 = Debug|Any CPU
		{1378A140-02F8-42DE-B5B2-40958D75DA96}.Release|Any CPU.ActiveCfg = Release|Any CPU
		{1378A140-02F8-42DE-B5B2-40958D75DA96}.Release|Any CPU.Build.0 = Release|Any CPU
		{5FC088C5-B951-4F2A-9BF8-AD7DD1B517A7}.Debug|Any CPU.ActiveCfg = Debug|Any CPU
		{5FC088C5-B951-4F2A-9BF8-AD7DD1B517A7}.Debug|Any CPU.Build.0 = Debug|Any CPU
		{5FC088C5-B951-4F2A-9BF8-AD7DD1B517A7}.Release|Any CPU.ActiveCfg = Release|Any CPU
		{5FC088C5-B951-4F2A-9BF8-AD7DD1B517A7}.Release|Any CPU.Build.0 = Release|Any CPU
		{D51F2913-2213-476F-BE25-1FA2D2F4AA86}.Debug|Any CPU.ActiveCfg = Debug|Any CPU
		{D51F2913-2213-476F-BE25-1FA2D2F4AA86}.Debug|Any CPU.Build.0 = Debug|Any CPU
		{D51F2913-2213-476F-BE25-1FA2D2F4AA86}.Release|Any CPU.ActiveCfg = Release|Any CPU
		{D51F2913-2213-476F-BE25-1FA2D2F4AA86}.Release|Any CPU.Build.0 = Release|Any CPU
	EndGlobalSection
	GlobalSection(SolutionProperties) = preSolution
		HideSolutionNode = FALSE
	EndGlobalSection
	GlobalSection(ExtensibilityGlobals) = postSolution
		SolutionGuid = {3B6D15CD-5254-4B54-8CEA-95F3DCDFD9A2}
	EndGlobalSection
EndGlobal
